
Microsoft Visual Studio Solution File, Format Version 12.00
# Visual Studio Version 17
VisualStudioVersion = 17.7.34031.279
MinimumVisualStudioVersion = 10.0.40219.1
Project("{FAE04EC0-301F-11D3-BF4B-00C04F79EFBC}") = "CameraOnIMEI", "CameraOnIMEI.csproj", "{7401F586-C949-4CC9-91C3-14F5FF46417B}"
EndProject
Global
	GlobalSection(SolutionConfigurationPlatforms) = preSolution
		Debug|Any CPU = Debug|Any CPU
		Release|Any CPU = Release|Any CPU
	EndGlobalSection
	GlobalSection(ProjectConfigurationPlatforms) = postSolution
		{7401F586-C949-4CC9-91C3-14F5FF46417B}.Debug|Any CPU.ActiveCfg = Debug|Any CPU
		{7401F586-C949-4CC9-91C3-14F5FF46417B}.Debug|Any CPU.Build.0 = Debug|Any CPU
		{7401F586-C949-4CC9-91C3-14F5FF46417B}.Debug|Any CPU.Deploy.0 = Debug|Any CPU
		{7401F586-C949-4CC9-91C3-14F5FF46417B}.Release|Any CPU.ActiveCfg = Release|Any CPU
		{7401F586-C949-4CC9-91C3-14F5FF46417B}.Release|Any CPU.Build.0 = Release|Any CPU
		{7401F586-C949-4CC9-91C3-14F5FF46417B}.Release|Any CPU.Deploy.0 = Release|Any CPU
	EndGlobalSection
	GlobalSection(SolutionProperties) = preSolution
		HideSolutionNode = FALSE
	EndGlobalSection
	GlobalSection(ExtensibilityGlobals) = postSolution
		SolutionGuid = {2BD1F5BD-C883-43C8-94A2-5517D9CED54C}
	EndGlobalSection
EndGlobal
